
Microsoft Visual Studio Solution File, Format Version 12.00
# Visual Studio Version 16
VisualStudioVersion = 16.0.31025.194
MinimumVisualStudioVersion = 10.0.40219.1
Project("{FAE04EC0-301F-11D3-BF4B-00C04F79EFBC}") = "GameProject", "GameProject\GameProject.csproj", "{478939AF-721B-48A6-B39F-9AFFA76989DE}"
EndProject
Global
	GlobalSection(SolutionConfigurationPlatforms) = preSolution
		Debug|Any CPU = Debug|Any CPU
		Release|Any CPU = Release|Any CPU
	EndGlobalSection
	GlobalSection(ProjectConfigurationPlatforms) = postSolution
		{478939AF-721B-48A6-B39F-9AFFA76989DE}.Debug|Any CPU.ActiveCfg = Debug|Any CPU
		{478939AF-721B-48A6-B39F-9AFFA76989DE}.Debug|Any CPU.Build.0 = Debug|Any CPU
		{478939AF-721B-48A6-B39F-9AFFA76989DE}.Release|Any CPU.ActiveCfg = Release|Any CPU
		{478939AF-721B-48A6-B39F-9AFFA76989DE}.Release|Any CPU.Build.0 = Release|Any CPU
	EndGlobalSection
	GlobalSection(SolutionProperties) = preSolution
		HideSolutionNode = FALSE
	EndGlobalSection
	GlobalSection(ExtensibilityGlobals) = postSolution
		SolutionGuid = {D292493A-57DE-428A-BCF4-D7A416369BC5}
	EndGlobalSection
EndGlobal
